
Microsoft Visual Studio Solution File, Format Version 12.00
# Visual Studio Version 16
VisualStudioVersion = 16.0.31105.61
MinimumVisualStudioVersion = 10.0.40219.1
Project("{FAE04EC0-301F-11D3-BF4B-00C04F79EFBC}") = "LocationGuesser", "LocationGuesser\LocationGuesser.csproj", "{568CC847-9150-4F9B-90BE-82CCD64B288F}"
EndProject
Global
	GlobalSection(SolutionConfigurationPlatforms) = preSolution
		Debug|Any CPU = Debug|Any CPU
		Release|Any CPU = Release|Any CPU
	EndGlobalSection
	GlobalSection(ProjectConfigurationPlatforms) = postSolution
		{568CC847-9150-4F9B-90BE-82CCD64B288F}.Debug|Any CPU.ActiveCfg = Debug|Any CPU
		{568CC847-9150-4F9B-90BE-82CCD64B288F}.Debug|Any CPU.Build.0 = Debug|Any CPU
		{568CC847-9150-4F9B-90BE-82CCD64B288F}.Release|Any CPU.ActiveCfg = Release|Any CPU
		{568CC847-9150-4F9B-90BE-82CCD64B288F}.Release|Any CPU.Build.0 = Release|Any CPU
	EndGlobalSection
	GlobalSection(SolutionProperties) = preSolution
		HideSolutionNode = FALSE
	EndGlobalSection
	GlobalSection(ExtensibilityGlobals) = postSolution
		SolutionGuid = {CE270C7A-0B53-4396-8679-23A3A5120AB7}
	EndGlobalSection
EndGlobal
